
Microsoft Visual Studio Solution File, Format Version 12.00
# Visual Studio Version 17
VisualStudioVersion = 17.0.31825.309
MinimumVisualStudioVersion = 10.0.40219.1
Project("{54435603-DBB4-11D2-8724-00A0C9A8B90C}") = "WSATools.Installer", "WSATools\WSATools.Installer\WSATools.Installer.vdproj", "{7E153543-6784-4B3A-A029-DA8EB4EBEFCA}"
EndProject
Project("{C7167F0D-BC9F-4E6E-AFE1-012C56B48DB5}") = "WSATools.Package", "WSATools\WSATools.Package\WSATools.Package.wapproj", "{2D2B8AC2-E1CA-4D65-9A12-4CC863008D20}"
EndProject
Project("{9A19103F-16F7-4668-BE54-9A1E7A4F7556}") = "WSATools.Core", "WSATools\WSATools.Core\WSATools.Core.csproj", "{6B116676-7C7B-4AAF-BF6E-8060804C619B}"
EndProject
Project("{2150E333-8FDC-42A3-9474-1A3956D46DE8}") = "Libs", "Libs", "{9EF757D5-BA69-4C91-80D4-DC9EC0A20C39}"
EndProject
Project("{9A19103F-16F7-4668-BE54-9A1E7A4F7556}") = "APPXManager", "WSATools\APPXManager\APPXManager.csproj", "{0487F545-4F5C-4ED1-A9E5-414E4D017021}"
EndProject
Project("{9A19103F-16F7-4668-BE54-9A1E7A4F7556}") = "APPXManager.Sample", "WSATools\APPXManager.Sample\APPXManager.Sample.csproj", "{98518D0F-8682-495C-8AB6-A719FC81F180}"
EndProject
Project("{9A19103F-16F7-4668-BE54-9A1E7A4F7556}") = "WSATools", "WSATools\WSATools\WSATools.csproj", "{222EEE21-5499-4AC8-80AA-61EFB3306331}"
EndProject
Global
	GlobalSection(SolutionConfigurationPlatforms) = preSolution
		Debug|Any CPU = Debug|Any CPU
		Debug|ARM = Debug|ARM
		Debug|ARM64 = Debug|ARM64
		Debug|x64 = Debug|x64
		Debug|x86 = Debug|x86
		Release|Any CPU = Release|Any CPU
		Release|ARM = Release|ARM
		Release|ARM64 = Release|ARM64
		Release|x64 = Release|x64
		Release|x86 = Release|x86
	EndGlobalSection
	GlobalSection(ProjectConfigurationPlatforms) = postSolution
		{7E153543-6784-4B3A-A029-DA8EB4EBEFCA}.Debug|Any CPU.ActiveCfg = Debug
		{7E153543-6784-4B3A-A029-DA8EB4EBEFCA}.Debug|ARM.ActiveCfg = Debug
		{7E153543-6784-4B3A-A029-DA8EB4EBEFCA}.Debug|ARM.Build.0 = Debug
		{7E153543-6784-4B3A-A029-DA8EB4EBEFCA}.Debug|ARM64.ActiveCfg = Debug
		{7E153543-6784-4B3A-A029-DA8EB4EBEFCA}.Debug|ARM64.Build.0 = Debug
		{7E153543-6784-4B3A-A029-DA8EB4EBEFCA}.Debug|x64.ActiveCfg = Debug
		{7E153543-6784-4B3A-A029-DA8EB4EBEFCA}.Debug|x86.ActiveCfg = Debug
		{7E153543-6784-4B3A-A029-DA8EB4EBEFCA}.Debug|x86.Build.0 = Debug
		{7E153543-6784-4B3A-A029-DA8EB4EBEFCA}.Release|Any CPU.ActiveCfg = Release
		{7E153543-6784-4B3A-A029-DA8EB4EBEFCA}.Release|ARM.ActiveCfg = Release
		{7E153543-6784-4B3A-A029-DA8EB4EBEFCA}.Release|ARM.Build.0 = Release
		{7E153543-6784-4B3A-A029-DA8EB4EBEFCA}.Release|ARM64.ActiveCfg = Release
		{7E153543-6784-4B3A-A029-DA8EB4EBEFCA}.Release|ARM64.Build.0 = Release
		{7E153543-6784-4B3A-A029-DA8EB4EBEFCA}.Release|x64.ActiveCfg = Release
		{7E153543-6784-4B3A-A029-DA8EB4EBEFCA}.Release|x86.ActiveCfg = Release
		{7E153543-6784-4B3A-A029-DA8EB4EBEFCA}.Release|x86.Build.0 = Release
		{2D2B8AC2-E1CA-4D65-9A12-4CC863008D20}.Debug|Any CPU.ActiveCfg = Debug|Any CPU
		{2D2B8AC2-E1CA-4D65-9A12-4CC863008D20}.Debug|Any CPU.Build.0 = Debug|Any CPU
		{2D2B8AC2-E1CA-4D65-9A12-4CC863008D20}.Debug|Any CPU.Deploy.0 = Debug|Any CPU
		{2D2B8AC2-E1CA-4D65-9A12-4CC863008D20}.Debug|ARM.ActiveCfg = Debug|ARM
		{2D2B8AC2-E1CA-4D65-9A12-4CC863008D20}.Debug|ARM.Build.0 = Debug|ARM
		{2D2B8AC2-E1CA-4D65-9A12-4CC863008D20}.Debug|ARM.Deploy.0 = Debug|ARM
		{2D2B8AC2-E1CA-4D65-9A12-4CC863008D20}.Debug|ARM64.ActiveCfg = Debug|ARM64
		{2D2B8AC2-E1CA-4D65-9A12-4CC863008D20}.Debug|ARM64.Build.0 = Debug|ARM64
		{2D2B8AC2-E1CA-4D65-9A12-4CC863008D20}.Debug|ARM64.Deploy.0 = Debug|ARM64
		{2D2B8AC2-E1CA-4D65-9A12-4CC863008D20}.Debug|x64.ActiveCfg = Debug|x64
		{2D2B8AC2-E1CA-4D65-9A12-4CC863008D20}.Debug|x64.Build.0 = Debug|x64
		{2D2B8AC2-E1CA-4D65-9A12-4CC863008D20}.Debug|x64.Deploy.0 = Debug|x64
		{2D2B8AC2-E1CA-4D65-9A12-4CC863008D20}.Debug|x86.ActiveCfg = Debug|x86
		{2D2B8AC2-E1CA-4D65-9A12-4CC863008D20}.Debug|x86.Build.0 = Debug|x86
		{2D2B8AC2-E1CA-4D65-9A12-4CC863008D20}.Debug|x86.Deploy.0 = Debug|x86
		{2D2B8AC2-E1CA-4D65-9A12-4CC863008D20}.Release|Any CPU.ActiveCfg = Release|Any CPU
		{2D2B8AC2-E1CA-4D65-9A12-4CC863008D20}.Release|Any CPU.Build.0 = Release|Any CPU
		{2D2B8AC2-E1CA-4D65-9A12-4CC863008D20}.Release|Any CPU.Deploy.0 = Release|Any CPU
		{2D2B8AC2-E1CA-4D65-9A12-4CC863008D20}.Release|ARM.ActiveCfg = Release|ARM
		{2D2B8AC2-E1CA-4D65-9A12-4CC863008D20}.Release|ARM.Build.0 = Release|ARM
		{2D2B8AC2-E1CA-4D65-9A12-4CC863008D20}.Release|ARM.Deploy.0 = Release|ARM
		{2D2B8AC2-E1CA-4D65-9A12-4CC863008D20}.Release|ARM64.ActiveCfg = Release|ARM64
		{2D2B8AC2-E1CA-4D65-9A12-4CC863008D20}.Release|ARM64.Build.0 = Release|ARM64
		{2D2B8AC2-E1CA-4D65-9A12-4CC863008D20}.Release|ARM64.Deploy.0 = Release|ARM64
		{2D2B8AC2-E1CA-4D65-9A12-4CC863008D20}.Release|x64.ActiveCfg = Release|x64
		{2D2B8AC2-E1CA-4D65-9A12-4CC863008D20}.Release|x64.Build.0 = Release|x64
		{2D2B8AC2-E1CA-4D65-9A12-4CC863008D20}.Release|x64.Deploy.0 = Release|x64
		{2D2B8AC2-E1CA-4D65-9A12-4CC863008D20}.Release|x86.ActiveCfg = Release|x86
		{2D2B8AC2-E1CA-4D65-9A12-4CC863008D20}.Release|x86.Build.0 = Release|x86
		{2D2B8AC2-E1CA-4D65-9A12-4CC863008D20}.Release|x86.Deploy.0 = Release|x86
		{6B116676-7C7B-4AAF-BF6E-8060804C619B}.Debug|Any CPU.ActiveCfg = Debug|Any CPU
		{6B116676-7C7B-4AAF-BF6E-8060804C619B}.Debug|Any CPU.Build.0 = Debug|Any CPU
		{6B116676-7C7B-4AAF-BF6E-8060804C619B}.Debug|ARM.ActiveCfg = Debug|Any CPU
		{6B116676-7C7B-4AAF-BF6E-8060804C619B}.Debug|ARM.Build.0 = Debug|Any CPU
		{6B116676-7C7B-4AAF-BF6E-8060804C619B}.Debug|ARM64.ActiveCfg = Debug|Any CPU
		{6B116676-7C7B-4AAF-BF6E-8060804C619B}.Debug|ARM64.Build.0 = Debug|Any CPU
		{6B116676-7C7B-4AAF-BF6E-8060804C619B}.Debug|x64.ActiveCfg = Debug|Any CPU
		{6B116676-7C7B-4AAF-BF6E-8060804C619B}.Debug|x64.Build.0 = Debug|Any CPU
		{6B116676-7C7B-4AAF-BF6E-8060804C619B}.Debug|x86.ActiveCfg = Debug|Any CPU
		{6B116676-7C7B-4AAF-BF6E-8060804C619B}.Debug|x86.Build.0 = Debug|Any CPU
		{6B116676-7C7B-4AAF-BF6E-8060804C619B}.Release|Any CPU.ActiveCfg = Release|Any CPU
		{6B116676-7C7B-4AAF-BF6E-8060804C619B}.Release|Any CPU.Build.0 = Release|Any CPU
		{6B116676-7C7B-4AAF-BF6E-8060804C619B}.Release|ARM.ActiveCfg = Release|Any CPU
		{6B116676-7C7B-4AAF-BF6E-8060804C619B}.Release|ARM.Build.0 = Release|Any CPU
		{6B116676-7C7B-4AAF-BF6E-8060804C619B}.Release|ARM64.ActiveCfg = Release|Any CPU
		{6B116676-7C7B-4AAF-BF6E-8060804C619B}.Release|ARM64.Build.0 = Release|Any CPU
		{6B116676-7C7B-4AAF-BF6E-8060804C619B}.Release|x64.ActiveCfg = Release|Any CPU
		{6B116676-7C7B-4AAF-BF6E-8060804C619B}.Release|x64.Build.0 = Release|Any CPU
		{6B116676-7C7B-4AAF-BF6E-8060804C619B}.Release|x86.ActiveCfg = Release|Any CPU
		{6B116676-7C7B-4AAF-BF6E-8060804C619B}.Release|x86.Build.0 = Release|Any CPU
		{0487F545-4F5C-4ED1-A9E5-414E4D017021}.Debug|Any CPU.ActiveCfg = Debug|Any CPU
		{0487F545-4F5C-4ED1-A9E5-414E4D017021}.Debug|Any CPU.Build.0 = Debug|Any CPU
		{0487F545-4F5C-4ED1-A9E5-414E4D017021}.Debug|ARM.ActiveCfg = Debug|Any CPU
		{0487F545-4F5C-4ED1-A9E5-414E4D017021}.Debug|ARM.Build.0 = Debug|Any CPU
		{0487F545-4F5C-4ED1-A9E5-414E4D017021}.Debug|ARM64.ActiveCfg = Debug|Any CPU
		{0487F545-4F5C-4ED1-A9E5-414E4D017021}.Debug|ARM64.Build.0 = Debug|Any CPU
		{0487F545-4F5C-4ED1-A9E5-414E4D017021}.Debug|x64.ActiveCfg = Debug|Any CPU
		{0487F545-4F5C-4ED1-A9E5-414E4D017021}.Debug|x64.Build.0 = Debug|Any CPU
		{0487F545-4F5C-4ED1-A9E5-414E4D017021}.Debug|x86.ActiveCfg = Debug|Any CPU
		{0487F545-4F5C-4ED1-A9E5-414E4D017021}.Debug|x86.Build.0 = Debug|Any CPU
		{0487F545-4F5C-4ED1-A9E5-414E4D017021}.Release|Any CPU.ActiveCfg = Release|Any CPU
		{0487F545-4F5C-4ED1-A9E5-414E4D017021}.Release|Any CPU.Build.0 = Release|Any CPU
		{0487F545-4F5C-4ED1-A9E5-414E4D017021}.Release|ARM.ActiveCfg = Release|Any CPU
		{0487F545-4F5C-4ED1-A9E5-414E4D017021}.Release|ARM.Build.0 = Release|Any CPU
		{0487F545-4F5C-4ED1-A9E5-414E4D017021}.Release|ARM64.ActiveCfg = Release|Any CPU
		{0487F545-4F5C-4ED1-A9E5-414E4D017021}.Release|ARM64.Build.0 = Release|Any CPU
		{0487F545-4F5C-4ED1-A9E5-414E4D017021}.Release|x64.ActiveCfg = Release|Any CPU
		{0487F545-4F5C-4ED1-A9E5-414E4D017021}.Release|x64.Build.0 = Release|Any CPU
		{0487F545-4F5C-4ED1-A9E5-414E4D017021}.Release|x86.ActiveCfg = Release|Any CPU
		{0487F545-4F5C-4ED1-A9E5-414E4D017021}.Release|x86.Build.0 = Release|Any CPU
		{98518D0F-8682-495C-8AB6-A719FC81F180}.Debug|Any CPU.ActiveCfg = Debug|Any CPU
		{98518D0F-8682-495C-8AB6-A719FC81F180}.Debug|Any CPU.Build.0 = Debug|Any CPU
		{98518D0F-8682-495C-8AB6-A719FC81F180}.Debug|ARM.ActiveCfg = Debug|Any CPU
		{98518D0F-8682-495C-8AB6-A719FC81F180}.Debug|ARM.Build.0 = Debug|Any CPU
		{98518D0F-8682-495C-8AB6-A719FC81F180}.Debug|ARM64.ActiveCfg = Debug|Any CPU
		{98518D0F-8682-495C-8AB6-A719FC81F180}.Debug|ARM64.Build.0 = Debug|Any CPU
		{98518D0F-8682-495C-8AB6-A719FC81F180}.Debug|x64.ActiveCfg = Debug|Any CPU
		{98518D0F-8682-495C-8AB6-A719FC81F180}.Debug|x64.Build.0 = Debug|Any CPU
		{98518D0F-8682-495C-8AB6-A719FC81F180}.Debug|x86.ActiveCfg = Debug|Any CPU
		{98518D0F-8682-495C-8AB6-A719FC81F180}.Debug|x86.Build.0 = Debug|Any CPU
		{98518D0F-8682-495C-8AB6-A719FC81F180}.Release|Any CPU.ActiveCfg = Release|Any CPU
		{98518D0F-8682-495C-8AB6-A719FC81F180}.Release|Any CPU.Build.0 = Release|Any CPU
		{98518D0F-8682-495C-8AB6-A719FC81F180}.Release|ARM.ActiveCfg = Release|Any CPU
		{98518D0F-8682-495C-8AB6-A719FC81F180}.Release|ARM.Build.0 = Release|Any CPU
		{98518D0F-8682-495C-8AB6-A719FC81F180}.Release|ARM64.ActiveCfg = Release|Any CPU
		{98518D0F-8682-495C-8AB6-A719FC81F180}.Release|ARM64.Build.0 = Release|Any CPU
		{98518D0F-8682-495C-8AB6-A719FC81F180}.Release|x64.ActiveCfg = Release|Any CPU
		{98518D0F-8682-495C-8AB6-A719FC81F180}.Release|x64.Build.0 = Release|Any CPU
		{98518D0F-8682-495C-8AB6-A719FC81F180}.Release|x86.ActiveCfg = Release|Any CPU
		{98518D0F-8682-495C-8AB6-A719FC81F180}.Release|x86.Build.0 = Release|Any CPU
		{222EEE21-5499-4AC8-80AA-61EFB3306331}.Debug|Any CPU.ActiveCfg = Debug|Any CPU
		{222EEE21-5499-4AC8-80AA-61EFB3306331}.Debug|Any CPU.Build.0 = Debug|Any CPU
		{222EEE21-5499-4AC8-80AA-61EFB3306331}.Debug|ARM.ActiveCfg = Debug|Any CPU
		{222EEE21-5499-4AC8-80AA-61EFB3306331}.Debug|ARM.Build.0 = Debug|Any CPU
		{222EEE21-5499-4AC8-80AA-61EFB3306331}.Debug|ARM64.ActiveCfg = Debug|Any CPU
		{222EEE21-5499-4AC8-80AA-61EFB3306331}.Debug|ARM64.Build.0 = Debug|Any CPU
		{222EEE21-5499-4AC8-80AA-61EFB3306331}.Debug|x64.ActiveCfg = Debug|Any CPU
		{222EEE21-5499-4AC8-80AA-61EFB3306331}.Debug|x64.Build.0 = Debug|Any CPU
		{222EEE21-5499-4AC8-80AA-61EFB3306331}.Debug|x86.ActiveCfg = Debug|Any CPU
		{222EEE21-5499-4AC8-80AA-61EFB3306331}.Debug|x86.Build.0 = Debug|Any CPU
		{222EEE21-5499-4AC8-80AA-61EFB3306331}.Release|Any CPU.ActiveCfg = Release|Any CPU
		{222EEE21-5499-4AC8-80AA-61EFB3306331}.Release|Any CPU.Build.0 = Release|Any CPU
		{222EEE21-5499-4AC8-80AA-61EFB3306331}.Release|ARM.ActiveCfg = Release|Any CPU
		{222EEE21-5499-4AC8-80AA-61EFB3306331}.Release|ARM.Build.0 = Release|Any CPU
		{222EEE21-5499-4AC8-80AA-61EFB3306331}.Release|ARM64.ActiveCfg = Release|Any CPU
		{222EEE21-5499-4AC8-80AA-61EFB3306331}.Release|ARM64.Build.0 = Release|Any CPU
		{222EEE21-5499-4AC8-80AA-61EFB3306331}.Release|x64.ActiveCfg = Release|Any CPU
		{222EEE21-5499-4AC8-80AA-61EFB3306331}.Release|x64.Build.0 = Release|Any CPU
		{222EEE21-5499-4AC8-80AA-61EFB3306331}.Release|x86.ActiveCfg = Release|Any CPU
		{222EEE21-5499-4AC8-80AA-61EFB3306331}.Release|x86.Build.0 = Release|Any CPU
	EndGlobalSection
	GlobalSection(SolutionProperties) = preSolution
		HideSolutionNode = FALSE
	EndGlobalSection
	GlobalSection(NestedProjects) = preSolution
		{0487F545-4F5C-4ED1-A9E5-414E4D017021} = {9EF757D5-BA69-4C91-80D4-DC9EC0A20C39}
		{98518D0F-8682-495C-8AB6-A719FC81F180} = {9EF757D5-BA69-4C91-80D4-DC9EC0A20C39}
	EndGlobalSection
	GlobalSection(ExtensibilityGlobals) = postSolution
		SolutionGuid = {0F361E18-34D0-4ADB-9027-73C449E873E6}
	EndGlobalSection
EndGlobal
