
Microsoft Visual Studio Solution File, Format Version 12.00
# Visual Studio Version 17
VisualStudioVersion = 17.1.31911.260
MinimumVisualStudioVersion = 10.0.40219.1
Project("{9A19103F-16F7-4668-BE54-9A1E7A4F7556}") = "APPXManager", "APPXManager\APPXManager.csproj", "{58127AD1-A6A8-48BB-995B-23C23E2B03C1}"
EndProject
Project("{9A19103F-16F7-4668-BE54-9A1E7A4F7556}") = "APPXManager.Sample", "APPXManager.Sample\APPXManager.Sample.csproj", "{D0A11A63-F89A-4945-813B-8F5F5BD528C8}"
EndProject
Global
	GlobalSection(SolutionConfigurationPlatforms) = preSolution
		Debug|Any CPU = Debug|Any CPU
		Release|Any CPU = Release|Any CPU
	EndGlobalSection
	GlobalSection(ProjectConfigurationPlatforms) = postSolution
		{58127AD1-A6A8-48BB-995B-23C23E2B03C1}.Debug|Any CPU.ActiveCfg = Debug|Any CPU
		{58127AD1-A6A8-48BB-995B-23C23E2B03C1}.Debug|Any CPU.Build.0 = Debug|Any CPU
		{58127AD1-A6A8-48BB-995B-23C23E2B03C1}.Release|Any CPU.ActiveCfg = Release|Any CPU
		{58127AD1-A6A8-48BB-995B-23C23E2B03C1}.Release|Any CPU.Build.0 = Release|Any CPU
		{D0A11A63-F89A-4945-813B-8F5F5BD528C8}.Debug|Any CPU.ActiveCfg = Debug|Any CPU
		{D0A11A63-F89A-4945-813B-8F5F5BD528C8}.Debug|Any CPU.Build.0 = Debug|Any CPU
		{D0A11A63-F89A-4945-813B-8F5F5BD528C8}.Release|Any CPU.ActiveCfg = Release|Any CPU
		{D0A11A63-F89A-4945-813B-8F5F5BD528C8}.Release|Any CPU.Build.0 = Release|Any CPU
	EndGlobalSection
	GlobalSection(SolutionProperties) = preSolution
		HideSolutionNode = FALSE
	EndGlobalSection
	GlobalSection(ExtensibilityGlobals) = postSolution
		SolutionGuid = {3B1DB3EF-0537-438C-90FA-E3BCA3FED8A3}
	EndGlobalSection
EndGlobal
